
Microsoft Visual Studio Solution File, Format Version 12.00
# Visual Studio Version 16
VisualStudioVersion = 16.0.30517.126
MinimumVisualStudioVersion = 10.0.40219.1
Project("{FAE04EC0-301F-11D3-BF4B-00C04F79EFBC}") = "walletMoney", "walletMoney.csproj", "{0844DAF3-005C-4899-A676-28DACDC93F16}"
EndProject
Project("{FAE04EC0-301F-11D3-BF4B-00C04F79EFBC}") = "walletMoney.Tests", "..\walletMoney.Tests\walletMoney.Tests.csproj", "{FE3EBAC5-D32A-47F0-BDAC-C7A6B1427AAB}"
EndProject
Global
	GlobalSection(SolutionConfigurationPlatforms) = preSolution
		Debug|Any CPU = Debug|Any CPU
		Release|Any CPU = Release|Any CPU
	EndGlobalSection
	GlobalSection(ProjectConfigurationPlatforms) = postSolution
		{0844DAF3-005C-4899-A676-28DACDC93F16}.Debug|Any CPU.ActiveCfg = Debug|Any CPU
		{0844DAF3-005C-4899-A676-28DACDC93F16}.Debug|Any CPU.Build.0 = Debug|Any CPU
		{0844DAF3-005C-4899-A676-28DACDC93F16}.Release|Any CPU.ActiveCfg = Release|Any CPU
		{0844DAF3-005C-4899-A676-28DACDC93F16}.Release|Any CPU.Build.0 = Release|Any CPU
		{FE3EBAC5-D32A-47F0-BDAC-C7A6B1427AAB}.Debug|Any CPU.ActiveCfg = Debug|Any CPU
		{FE3EBAC5-D32A-47F0-BDAC-C7A6B1427AAB}.Debug|Any CPU.Build.0 = Debug|Any CPU
		{FE3EBAC5-D32A-47F0-BDAC-C7A6B1427AAB}.Release|Any CPU.ActiveCfg = Release|Any CPU
		{FE3EBAC5-D32A-47F0-BDAC-C7A6B1427AAB}.Release|Any CPU.Build.0 = Release|Any CPU
	EndGlobalSection
	GlobalSection(SolutionProperties) = preSolution
		HideSolutionNode = FALSE
	EndGlobalSection
	GlobalSection(ExtensibilityGlobals) = postSolution
		SolutionGuid = {B1FC9152-772E-4803-A2BD-71BD1C46298E}
	EndGlobalSection
EndGlobal
